
Microsoft Visual Studio Solution File, Format Version 12.00
# Visual Studio Version 17
VisualStudioVersion = 17.12.35707.178
MinimumVisualStudioVersion = 10.0.40219.1
Project("{FAE04EC0-301F-11D3-BF4B-00C04F79EFBC}") = "Factory Method", "Strategy Pattern\Factory Method.csproj", "{98B620C6-AEE0-4A4C-B2D4-8CAFE5A61E82}"
EndProject
Project("{FAE04EC0-301F-11D3-BF4B-00C04F79EFBC}") = "Payments.Abstraction", "Payments.Abstraction\Payments.Abstraction.csproj", "{2749EBBC-A358-44C9-B8C8-3157E8F2912F}"
EndProject
Global
	GlobalSection(SolutionConfigurationPlatforms) = preSolution
		Debug|Any CPU = Debug|Any CPU
		Release|Any CPU = Release|Any CPU
	EndGlobalSection
	GlobalSection(ProjectConfigurationPlatforms) = postSolution
		{98B620C6-AEE0-4A4C-B2D4-8CAFE5A61E82}.Debug|Any CPU.ActiveCfg = Debug|Any CPU
		{98B620C6-AEE0-4A4C-B2D4-8CAFE5A61E82}.Debug|Any CPU.Build.0 = Debug|Any CPU
		{98B620C6-AEE0-4A4C-B2D4-8CAFE5A61E82}.Release|Any CPU.ActiveCfg = Release|Any CPU
		{98B620C6-AEE0-4A4C-B2D4-8CAFE5A61E82}.Release|Any CPU.Build.0 = Release|Any CPU
		{2749EBBC-A358-44C9-B8C8-3157E8F2912F}.Debug|Any CPU.ActiveCfg = Debug|Any CPU
		{2749EBBC-A358-44C9-B8C8-3157E8F2912F}.Debug|Any CPU.Build.0 = Debug|Any CPU
		{2749EBBC-A358-44C9-B8C8-3157E8F2912F}.Release|Any CPU.ActiveCfg = Release|Any CPU
		{2749EBBC-A358-44C9-B8C8-3157E8F2912F}.Release|Any CPU.Build.0 = Release|Any CPU
	EndGlobalSection
	GlobalSection(SolutionProperties) = preSolution
		HideSolutionNode = FALSE
	EndGlobalSection
EndGlobal
